// !$*UTF8*$!
{
	archiveVersion = 1;
	classes = {
	};
	objectVersion = 56;
	objects = {

/* Begin PBXBuildFile section */
		4CDBB1BA2B1C87F500F48C1A /* party_exporerApp.swift in Sources */ = {isa = PBXBuildFile; fileRef = 4CDBB1B92B1C87F500F48C1A /* party_exporerApp.swift */; };
		4CDBB1BE2B1C87F600F48C1A /* Assets.xcassets in Resources */ = {isa = PBXBuildFile; fileRef = 4CDBB1BD2B1C87F600F48C1A /* Assets.xcassets */; };
		4CDBB1CA2B1C885700F48C1A /* PartyModel.swift in Sources */ = {isa = PBXBuildFile; fileRef = 4CDBB1C92B1C885700F48C1A /* PartyModel.swift */; };
		4CDBB1CD2B1C896000F48C1A /* PartyCard.swift in Sources */ = {isa = PBXBuildFile; fileRef = 4CDBB1CC2B1C896000F48C1A /* PartyCard.swift */; };
		4CDBB1D02B1C8AA900F48C1A /* ComposableArchitecture in Frameworks */ = {isa = PBXBuildFile; productRef = 4CDBB1CF2B1C8AA900F48C1A /* ComposableArchitecture */; };
		4CDBB1D42B1C976800F48C1A /* ExploreFeed.swift in Sources */ = {isa = PBXBuildFile; fileRef = 4CDBB1D32B1C976800F48C1A /* ExploreFeed.swift */; };
		4CDBB1D62B1CA8FF00F48C1A /* AddParty.swift in Sources */ = {isa = PBXBuildFile; fileRef = 4CDBB1D52B1CA8FF00F48C1A /* AddParty.swift */; };
		4CDBB1D92B1CD0C300F48C1A /* Mock.swift in Sources */ = {isa = PBXBuildFile; fileRef = 4CDBB1D82B1CD0C300F48C1A /* Mock.swift */; };
/* End PBXBuildFile section */

/* Begin PBXFileReference section */
		4CDBB1B62B1C87F500F48C1A /* party-exporer.app */ = {isa = PBXFileReference; explicitFileType = wrapper.application; includeInIndex = 0; path = "party-exporer.app"; sourceTree = BUILT_PRODUCTS_DIR; };
		4CDBB1B92B1C87F500F48C1A /* party_exporerApp.swift */ = {isa = PBXFileReference; lastKnownFileType = sourcecode.swift; path = party_exporerApp.swift; sourceTree = "<group>"; };
		4CDBB1BD2B1C87F600F48C1A /* Assets.xcassets */ = {isa = PBXFileReference; lastKnownFileType = folder.assetcatalog; path = Assets.xcassets; sourceTree = "<group>"; };
		4CDBB1BF2B1C87F600F48C1A /* party_exporer.entitlements */ = {isa = PBXFileReference; lastKnownFileType = text.plist.entitlements; path = party_exporer.entitlements; sourceTree = "<group>"; };
		4CDBB1C92B1C885700F48C1A /* PartyModel.swift */ = {isa = PBXFileReference; lastKnownFileType = sourcecode.swift; path = PartyModel.swift; sourceTree = "<group>"; };
		4CDBB1CC2B1C896000F48C1A /* PartyCard.swift */ = {isa = PBXFileReference; lastKnownFileType = sourcecode.swift; path = PartyCard.swift; sourceTree = "<group>"; };
		4CDBB1D32B1C976800F48C1A /* ExploreFeed.swift */ = {isa = PBXFileReference; lastKnownFileType = sourcecode.swift; path = ExploreFeed.swift; sourceTree = "<group>"; };
		4CDBB1D52B1CA8FF00F48C1A /* AddParty.swift */ = {isa = PBXFileReference; lastKnownFileType = sourcecode.swift; path = AddParty.swift; sourceTree = "<group>"; };
		4CDBB1D82B1CD0C300F48C1A /* Mock.swift */ = {isa = PBXFileReference; lastKnownFileType = sourcecode.swift; path = Mock.swift; sourceTree = "<group>"; };
/* End PBXFileReference section */

/* Begin PBXFrameworksBuildPhase section */
		4CDBB1B32B1C87F500F48C1A /* Frameworks */ = {
			isa = PBXFrameworksBuildPhase;
			buildActionMask = 2147483647;
			files = (
				4CDBB1D02B1C8AA900F48C1A /* ComposableArchitecture in Frameworks */,
			);
			runOnlyForDeploymentPostprocessing = 0;
		};
/* End PBXFrameworksBuildPhase section */

/* Begin PBXGroup section */
		4CDBB1AD2B1C87F500F48C1A = {
			isa = PBXGroup;
			children = (
				4CDBB1B82B1C87F500F48C1A /* party-exporer */,
				4CDBB1B72B1C87F500F48C1A /* Products */,
			);
			sourceTree = "<group>";
		};
		4CDBB1B72B1C87F500F48C1A /* Products */ = {
			isa = PBXGroup;
			children = (
				4CDBB1B62B1C87F500F48C1A /* party-exporer.app */,
			);
			name = Products;
			sourceTree = "<group>";
		};
		4CDBB1B82B1C87F500F48C1A /* party-exporer */ = {
			isa = PBXGroup;
			children = (
				4CDBB1D72B1CD0B300F48C1A /* Data */,
				4CDBB1CB2B1C88AB00F48C1A /* Reducers */,
				4CDBB1C82B1C882500F48C1A /* Model */,
				4CDBB1B92B1C87F500F48C1A /* party_exporerApp.swift */,
				4CDBB1BD2B1C87F600F48C1A /* Assets.xcassets */,
				4CDBB1BF2B1C87F600F48C1A /* party_exporer.entitlements */,
			);
			path = "party-exporer";
			sourceTree = "<group>";
		};
		4CDBB1C82B1C882500F48C1A /* Model */ = {
			isa = PBXGroup;
			children = (
				4CDBB1C92B1C885700F48C1A /* PartyModel.swift */,
			);
			path = Model;
			sourceTree = "<group>";
		};
		4CDBB1CB2B1C88AB00F48C1A /* Reducers */ = {
			isa = PBXGroup;
			children = (
				4CDBB1CC2B1C896000F48C1A /* PartyCard.swift */,
				4CDBB1D32B1C976800F48C1A /* ExploreFeed.swift */,
				4CDBB1D52B1CA8FF00F48C1A /* AddParty.swift */,
			);
			path = Reducers;
			sourceTree = "<group>";
		};
		4CDBB1D72B1CD0B300F48C1A /* Data */ = {
			isa = PBXGroup;
			children = (
				4CDBB1D82B1CD0C300F48C1A /* Mock.swift */,
			);
			path = Data;
			sourceTree = "<group>";
		};
/* End PBXGroup section */

/* Begin PBXNativeTarget section */
		4CDBB1B52B1C87F500F48C1A /* party-exporer */ = {
			isa = PBXNativeTarget;
			buildConfigurationList = 4CDBB1C52B1C87F600F48C1A /* Build configuration list for PBXNativeTarget "party-exporer" */;
			buildPhases = (
				4CDBB1B22B1C87F500F48C1A /* Sources */,
				4CDBB1B32B1C87F500F48C1A /* Frameworks */,
				4CDBB1B42B1C87F500F48C1A /* Resources */,
			);
			buildRules = (
			);
			dependencies = (
			);
			name = "party-exporer";
			packageProductDependencies = (
				4CDBB1CF2B1C8AA900F48C1A /* ComposableArchitecture */,
			);
			productName = "party-exporer";
			productReference = 4CDBB1B62B1C87F500F48C1A /* party-exporer.app */;
			productType = "com.apple.product-type.application";
		};
/* End PBXNativeTarget section */

/* Begin PBXProject section */
		4CDBB1AE2B1C87F500F48C1A /* Project object */ = {
			isa = PBXProject;
			attributes = {
				BuildIndependentTargetsInParallel = 1;
				LastSwiftUpdateCheck = 1430;
				LastUpgradeCheck = 1430;
				TargetAttributes = {
					4CDBB1B52B1C87F500F48C1A = {
						CreatedOnToolsVersion = 14.3.1;
					};
				};
			};
			buildConfigurationList = 4CDBB1B12B1C87F500F48C1A /* Build configuration list for PBXProject "party-exporer" */;
			compatibilityVersion = "Xcode 14.0";
			developmentRegion = en;
			hasScannedForEncodings = 0;
			knownRegions = (
				en,
				Base,
			);
			mainGroup = 4CDBB1AD2B1C87F500F48C1A;
			packageReferences = (
				4CDBB1CE2B1C8AA900F48C1A /* XCRemoteSwiftPackageReference "swift-composable-architecture" */,
			);
			productRefGroup = 4CDBB1B72B1C87F500F48C1A /* Products */;
			projectDirPath = "";
			projectRoot = "";
			targets = (
				4CDBB1B52B1C87F500F48C1A /* party-exporer */,
			);
		};
/* End PBXProject section */

/* Begin PBXResourcesBuildPhase section */
		4CDBB1B42B1C87F500F48C1A /* Resources */ = {
			isa = PBXResourcesBuildPhase;
			buildActionMask = 2147483647;
			files = (
				4CDBB1BE2B1C87F600F48C1A /* Assets.xcassets in Resources */,
			);
			runOnlyForDeploymentPostprocessing = 0;
		};
/* End PBXResourcesBuildPhase section */

/* Begin PBXSourcesBuildPhase section */
		4CDBB1B22B1C87F500F48C1A /* Sources */ = {
			isa = PBXSourcesBuildPhase;
			buildActionMask = 2147483647;
			files = (
				4CDBB1D42B1C976800F48C1A /* ExploreFeed.swift in Sources */,
				4CDBB1CD2B1C896000F48C1A /* PartyCard.swift in Sources */,
				4CDBB1D62B1CA8FF00F48C1A /* AddParty.swift in Sources */,
				4CDBB1D92B1CD0C300F48C1A /* Mock.swift in Sources */,
				4CDBB1BA2B1C87F500F48C1A /* party_exporerApp.swift in Sources */,
				4CDBB1CA2B1C885700F48C1A /* PartyModel.swift in Sources */,
			);
			runOnlyForDeploymentPostprocessing = 0;
		};
/* End PBXSourcesBuildPhase section */

/* Begin XCBuildConfiguration section */
		4CDBB1C32B1C87F600F48C1A /* Debug */ = {
			isa = XCBuildConfiguration;
			buildSettings = {
				ALWAYS_SEARCH_USER_PATHS = NO;
				CLANG_ANALYZER_NONNULL = YES;
				CLANG_ANALYZER_NUMBER_OBJECT_CONVERSION = YES_AGGRESSIVE;
				CLANG_CXX_LANGUAGE_STANDARD = "gnu++20";
				CLANG_ENABLE_MODULES = YES;
				CLANG_ENABLE_OBJC_ARC = YES;
				CLANG_ENABLE_OBJC_WEAK = YES;
				CLANG_WARN_BLOCK_CAPTURE_AUTORELEASING = YES;
				CLANG_WARN_BOOL_CONVERSION = YES;
				CLANG_WARN_COMMA = YES;
				CLANG_WARN_CONSTANT_CONVERSION = YES;
				CLANG_WARN_DEPRECATED_OBJC_IMPLEMENTATIONS = YES;
				CLANG_WARN_DIRECT_OBJC_ISA_USAGE = YES_ERROR;
				CLANG_WARN_DOCUMENTATION_COMMENTS = YES;
				CLANG_WARN_EMPTY_BODY = YES;
				CLANG_WARN_ENUM_CONVERSION = YES;
				CLANG_WARN_INFINITE_RECURSION = YES;
				CLANG_WARN_INT_CONVERSION = YES;
				CLANG_WARN_NON_LITERAL_NULL_CONVERSION = YES;
				CLANG_WARN_OBJC_IMPLICIT_RETAIN_SELF = YES;
				CLANG_WARN_OBJC_LITERAL_CONVERSION = YES;
				CLANG_WARN_OBJC_ROOT_CLASS = YES_ERROR;
				CLANG_WARN_QUOTED_INCLUDE_IN_FRAMEWORK_HEADER = YES;
				CLANG_WARN_RANGE_LOOP_ANALYSIS = YES;
				CLANG_WARN_STRICT_PROTOTYPES = YES;
				CLANG_WARN_SUSPICIOUS_MOVE = YES;
				CLANG_WARN_UNGUARDED_AVAILABILITY = YES_AGGRESSIVE;
				CLANG_WARN_UNREACHABLE_CODE = YES;
				CLANG_WARN__DUPLICATE_METHOD_MATCH = YES;
				COPY_PHASE_STRIP = NO;
				DEBUG_INFORMATION_FORMAT = dwarf;
				ENABLE_STRICT_OBJC_MSGSEND = YES;
				ENABLE_TESTABILITY = YES;
				GCC_C_LANGUAGE_STANDARD = gnu11;
				GCC_DYNAMIC_NO_PIC = NO;
				GCC_NO_COMMON_BLOCKS = YES;
				GCC_OPTIMIZATION_LEVEL = 0;
				GCC_PREPROCESSOR_DEFINITIONS = (
					"DEBUG=1",
					"$(inherited)",
				);
				GCC_WARN_64_TO_32_BIT_CONVERSION = YES;
				GCC_WARN_ABOUT_RETURN_TYPE = YES_ERROR;
				GCC_WARN_UNDECLARED_SELECTOR = YES;
				GCC_WARN_UNINITIALIZED_AUTOS = YES_AGGRESSIVE;
				GCC_WARN_UNUSED_FUNCTION = YES;
				GCC_WARN_UNUSED_VARIABLE = YES;
				MTL_ENABLE_DEBUG_INFO = INCLUDE_SOURCE;
				MTL_FAST_MATH = YES;
				ONLY_ACTIVE_ARCH = YES;
				SWIFT_ACTIVE_COMPILATION_CONDITIONS = DEBUG;
				SWIFT_OPTIMIZATION_LEVEL = "-Onone";
			};
			name = Debug;
		};
		4CDBB1C42B1C87F600F48C1A /* Release */ = {
			isa = XCBuildConfiguration;
			buildSettings = {
				ALWAYS_SEARCH_USER_PATHS = NO;
				CLANG_ANALYZER_NONNULL = YES;
				CLANG_ANALYZER_NUMBER_OBJECT_CONVERSION = YES_AGGRESSIVE;
				CLANG_CXX_LANGUAGE_STANDARD = "gnu++20";
				CLANG_ENABLE_MODULES = YES;
				CLANG_ENABLE_OBJC_ARC = YES;
				CLANG_ENABLE_OBJC_WEAK = YES;
				CLANG_WARN_BLOCK_CAPTURE_AUTORELEASING = YES;
				CLANG_WARN_BOOL_CONVERSION = YES;
				CLANG_WARN_COMMA = YES;
				CLANG_WARN_CONSTANT_CONVERSION = YES;
				CLANG_WARN_DEPRECATED_OBJC_IMPLEMENTATIONS = YES;
				CLANG_WARN_DIRECT_OBJC_ISA_USAGE = YES_ERROR;
				CLANG_WARN_DOCUMENTATION_COMMENTS = YES;
				CLANG_WARN_EMPTY_BODY = YES;
				CLANG_WARN_ENUM_CONVERSION = YES;
				CLANG_WARN_INFINITE_RECURSION = YES;
				CLANG_WARN_INT_CONVERSION = YES;
				CLANG_WARN_NON_LITERAL_NULL_CONVERSION = YES;
				CLANG_WARN_OBJC_IMPLICIT_RETAIN_SELF = YES;
				CLANG_WARN_OBJC_LITERAL_CONVERSION = YES;
				CLANG_WARN_OBJC_ROOT_CLASS = YES_ERROR;
				CLANG_WARN_QUOTED_INCLUDE_IN_FRAMEWORK_HEADER = YES;
				CLANG_WARN_RANGE_LOOP_ANALYSIS = YES;
				CLANG_WARN_STRICT_PROTOTYPES = YES;
				CLANG_WARN_SUSPICIOUS_MOVE = YES;
				CLANG_WARN_UNGUARDED_AVAILABILITY = YES_AGGRESSIVE;
				CLANG_WARN_UNREACHABLE_CODE = YES;
				CLANG_WARN__DUPLICATE_METHOD_MATCH = YES;
				COPY_PHASE_STRIP = NO;
				DEBUG_INFORMATION_FORMAT = "dwarf-with-dsym";
				ENABLE_NS_ASSERTIONS = NO;
				ENABLE_STRICT_OBJC_MSGSEND = YES;
				GCC_C_LANGUAGE_STANDARD = gnu11;
				GCC_NO_COMMON_BLOCKS = YES;
				GCC_WARN_64_TO_32_BIT_CONVERSION = YES;
				GCC_WARN_ABOUT_RETURN_TYPE = YES_ERROR;
				GCC_WARN_UNDECLARED_SELECTOR = YES;
				GCC_WARN_UNINITIALIZED_AUTOS = YES_AGGRESSIVE;
				GCC_WARN_UNUSED_FUNCTION = YES;
				GCC_WARN_UNUSED_VARIABLE = YES;
				MTL_ENABLE_DEBUG_INFO = NO;
				MTL_FAST_MATH = YES;
				SWIFT_COMPILATION_MODE = wholemodule;
				SWIFT_OPTIMIZATION_LEVEL = "-O";
			};
			name = Release;
		};
		4CDBB1C62B1C87F600F48C1A /* Debug */ = {
			isa = XCBuildConfiguration;
			buildSettings = {
				ASSETCATALOG_COMPILER_APPICON_NAME = AppIcon;
				ASSETCATALOG_COMPILER_GLOBAL_ACCENT_COLOR_NAME = AccentColor;
				CODE_SIGN_ENTITLEMENTS = "party-exporer/party_exporer.entitlements";
				CODE_SIGN_STYLE = Automatic;
				CURRENT_PROJECT_VERSION = 1;
				DEVELOPMENT_ASSET_PATHS = "";
				ENABLE_PREVIEWS = YES;
				GENERATE_INFOPLIST_FILE = YES;
				"INFOPLIST_KEY_UIApplicationSceneManifest_Generation[sdk=iphoneos*]" = YES;
				"INFOPLIST_KEY_UIApplicationSceneManifest_Generation[sdk=iphonesimulator*]" = YES;
				"INFOPLIST_KEY_UIApplicationSupportsIndirectInputEvents[sdk=iphoneos*]" = YES;
				"INFOPLIST_KEY_UIApplicationSupportsIndirectInputEvents[sdk=iphonesimulator*]" = YES;
				"INFOPLIST_KEY_UILaunchScreen_Generation[sdk=iphoneos*]" = YES;
				"INFOPLIST_KEY_UILaunchScreen_Generation[sdk=iphonesimulator*]" = YES;
				"INFOPLIST_KEY_UIStatusBarStyle[sdk=iphoneos*]" = UIStatusBarStyleDefault;
				"INFOPLIST_KEY_UIStatusBarStyle[sdk=iphonesimulator*]" = UIStatusBarStyleDefault;
				INFOPLIST_KEY_UISupportedInterfaceOrientations_iPad = "UIInterfaceOrientationPortrait UIInterfaceOrientationPortraitUpsideDown UIInterfaceOrientationLandscapeLeft UIInterfaceOrientationLandscapeRight";
				INFOPLIST_KEY_UISupportedInterfaceOrientations_iPhone = "UIInterfaceOrientationPortrait UIInterfaceOrientationLandscapeLeft UIInterfaceOrientationLandscapeRight";
				IPHONEOS_DEPLOYMENT_TARGET = 16.4;
				LD_RUNPATH_SEARCH_PATHS = "@executable_path/Frameworks";
				"LD_RUNPATH_SEARCH_PATHS[sdk=macosx*]" = "@executable_path/../Frameworks";
				MACOSX_DEPLOYMENT_TARGET = 13.2;
				MARKETING_VERSION = 1.0;
				PRODUCT_BUNDLE_IDENTIFIER = "saksham.party-exporer";
				PRODUCT_NAME = "$(TARGET_NAME)";
				SDKROOT = auto;
				SUPPORTED_PLATFORMS = "iphoneos iphonesimulator macosx";
				SWIFT_EMIT_LOC_STRINGS = YES;
				SWIFT_VERSION = 5.0;
				TARGETED_DEVICE_FAMILY = "1,2";
			};
			name = Debug;
		};
		4CDBB1C72B1C87F600F48C1A /* Release */ = {
			isa = XCBuildConfiguration;
			buildSettings = {
				ASSETCATALOG_COMPILER_APPICON_NAME = AppIcon;
				ASSETCATALOG_COMPILER_GLOBAL_ACCENT_COLOR_NAME = AccentColor;
				CODE_SIGN_ENTITLEMENTS = "party-exporer/party_exporer.entitlements";
				CODE_SIGN_STYLE = Automatic;
				CURRENT_PROJECT_VERSION = 1;
				DEVELOPMENT_ASSET_PATHS = "";
				ENABLE_PREVIEWS = YES;
				GENERATE_INFOPLIST_FILE = YES;
				"INFOPLIST_KEY_UIApplicationSceneManifest_Generation[sdk=iphoneos*]" = YES;
				"INFOPLIST_KEY_UIApplicationSceneManifest_Generation[sdk=iphonesimulator*]" = YES;
				"INFOPLIST_KEY_UIApplicationSupportsIndirectInputEvents[sdk=iphoneos*]" = YES;
				"INFOPLIST_KEY_UIApplicationSupportsIndirectInputEvents[sdk=iphonesimulator*]" = YES;
				"INFOPLIST_KEY_UILaunchScreen_Generation[sdk=iphoneos*]" = YES;
				"INFOPLIST_KEY_UILaunchScreen_Generation[sdk=iphonesimulator*]" = YES;
				"INFOPLIST_KEY_UIStatusBarStyle[sdk=iphoneos*]" = UIStatusBarStyleDefault;
				"INFOPLIST_KEY_UIStatusBarStyle[sdk=iphonesimulator*]" = UIStatusBarStyleDefault;
				INFOPLIST_KEY_UISupportedInterfaceOrientations_iPad = "UIInterfaceOrientationPortrait UIInterfaceOrientationPortraitUpsideDown UIInterfaceOrientationLandscapeLeft UIInterfaceOrientationLandscapeRight";
				INFOPLIST_KEY_UISupportedInterfaceOrientations_iPhone = "UIInterfaceOrientationPortrait UIInterfaceOrientationLandscapeLeft UIInterfaceOrientationLandscapeRight";
				IPHONEOS_DEPLOYMENT_TARGET = 16.4;
				LD_RUNPATH_SEARCH_PATHS = "@executable_path/Frameworks";
				"LD_RUNPATH_SEARCH_PATHS[sdk=macosx*]" = "@executable_path/../Frameworks";
				MACOSX_DEPLOYMENT_TARGET = 13.2;
				MARKETING_VERSION = 1.0;
				PRODUCT_BUNDLE_IDENTIFIER = "saksham.party-exporer";
				PRODUCT_NAME = "$(TARGET_NAME)";
				SDKROOT = auto;
				SUPPORTED_PLATFORMS = "iphoneos iphonesimulator macosx";
				SWIFT_EMIT_LOC_STRINGS = YES;
				SWIFT_VERSION = 5.0;
				TARGETED_DEVICE_FAMILY = "1,2";
			};
			name = Release;
		};
/* End XCBuildConfiguration section */

/* Begin XCConfigurationList section */
		4CDBB1B12B1C87F500F48C1A /* Build configuration list for PBXProject "party-exporer" */ = {
			isa = XCConfigurationList;
			buildConfigurations = (
				4CDBB1C32B1C87F600F48C1A /* Debug */,
				4CDBB1C42B1C87F600F48C1A /* Release */,
			);
			defaultConfigurationIsVisible = 0;
			defaultConfigurationName = Release;
		};
		4CDBB1C52B1C87F600F48C1A /* Build configuration list for PBXNativeTarget "party-exporer" */ = {
			isa = XCConfigurationList;
			buildConfigurations = (
				4CDBB1C62B1C87F600F48C1A /* Debug */,
				4CDBB1C72B1C87F600F48C1A /* Release */,
			);
			defaultConfigurationIsVisible = 0;
			defaultConfigurationName = Release;
		};
/* End XCConfigurationList section */

/* Begin XCRemoteSwiftPackageReference section */
		4CDBB1CE2B1C8AA900F48C1A /* XCRemoteSwiftPackageReference "swift-composable-architecture" */ = {
			isa = XCRemoteSwiftPackageReference;
			repositoryURL = "https://github.com/pointfreeco/swift-composable-architecture";
			requirement = {
				kind = upToNextMajorVersion;
				minimumVersion = 1.0.0;
			};
		};
/* End XCRemoteSwiftPackageReference section */

/* Begin XCSwiftPackageProductDependency section */
		4CDBB1CF2B1C8AA900F48C1A /* ComposableArchitecture */ = {
			isa = XCSwiftPackageProductDependency;
			package = 4CDBB1CE2B1C8AA900F48C1A /* XCRemoteSwiftPackageReference "swift-composable-architecture" */;
			productName = ComposableArchitecture;
		};
/* End XCSwiftPackageProductDependency section */
	};
	rootObject = 4CDBB1AE2B1C87F500F48C1A /* Project object */;
}
